{
  "nodes": {
    "nixpkgs": {
      "locked": {
        "lastModified": 1717362081,
        "narHash": "sha256-fcOjRJzqQ85wdNrh58hPf6PiAq+3/r6srwQubLVk/Vo=",
        "owner": "NixOS",
        "repo": "nixpkgs",
        "rev": "23ca552c959a0cd04b0f880884c04e4293c87986",
        "type": "github"
      },
      "original": {
        "owner": "NixOS",
        "repo": "nixpkgs",
        "type": "github"
      }
    },
    "root": {
      "inputs": {
        "nixpkgs": "nixpkgs"
      }
    }
  },
  "root": "root",
  "version": 7
}
